{
  "name": "claude-all-ai-launcher",
  "version": "8.3.0",
  "lockfileVersion": 3,
  "requires": true,
  "packages": {
    "": {
      "name": "claude-all-ai-launcher",
      "version": "8.3.0",
      "hasInstallScript": true,
      "license": "MIT",
      "os": [
        "linux",
        "darwin",
        "win32",
        "freebsd",
        "openbsd",
        "android",
        "sunos"
      ],
      "bin": {
        "ai-chat": "bin/ai-chat",
        "claude-all": "claude-all",
        "claude-launcher": "bin/claude-launcher",
        "switch-provider": "bin/switch-provider"
      },
      "devDependencies": {},
      "engines": {
        "node": ">=14.0.0"
      },
      "funding": {
        "type": "github",
        "url": "https://github.com/sponsors/zesbe"
      }
    }
  }
}
